{
    "format_version": "0.1",
    "terraform_version": "0.12.3",
    "planned_values": {
        "root_module": {
            "resources": [
                {
                    "address": "google_compute_firewall.nginx-app-firewall",
                    "mode": "managed",
                    "type": "google_compute_firewall",
                    "name": "nginx-app-firewall",
                    "provider_name": "google",
                    "schema_version": 1,
                    "values": {
                        "allow": [
                            {
                                "ports": [
                                    "80"
                                ],
                                "protocol": "tcp"
                            }
                        ],
                        "deny": [],
                        "description": null,
                        "disabled": null,
                        "name": "nginx-app-firewall",
                        "priority": 1000,
                        "source_service_accounts": null,
                        "source_tags": null,
                        "target_service_accounts": null,
                        "target_tags": [
                            "http"
                        ],
                        "timeouts": null
                    }
                },
                {
                    "address": "google_compute_firewall.terraform-default-ssh-firewall",
                    "mode": "managed",
                    "type": "google_compute_firewall",
                    "name": "terraform-default-ssh-firewall",
                    "provider_name": "google",
                    "schema_version": 1,
                    "values": {
                        "allow": [
                            {
                                "ports": [
                                    "22"
                                ],
                                "protocol": "tcp"
                            }
                        ],
                        "deny": [],
                        "description": null,
                        "disabled": null,
                        "name": "terraform-default-ssh-firewall",
                        "priority": 1000,
                        "source_service_accounts": null,
                        "source_tags": null,
                        "target_service_accounts": null,
                        "target_tags": [
                            "ssh"
                        ],
                        "timeouts": null
                    }
                },
                {
                    "address": "google_compute_instance.vm_instance",
                    "mode": "managed",
                    "type": "google_compute_instance",
                    "name": "vm_instance",
                    "provider_name": "google",
                    "schema_version": 6,
                    "values": {
                        "allow_stopping_for_update": null,
                        "attached_disk": [],
                        "boot_disk": [
                            {
                                "auto_delete": true,
                                "disk_encryption_key_raw": null,
                                "initialize_params": [
                                    {
                                        "image": "debian-cloud/debian-9"
                                    }
                                ],
                                "kms_key_self_link": null
                            }
                        ],
                        "can_ip_forward": false,
                        "deletion_protection": false,
                        "description": null,
                        "disk": [],
                        "hostname": null,
                        "labels": null,
                        "machine_type": "f1-micro",
                        "metadata": null,
                        "metadata_startup_script": "sudo apt-get update; sudo apt-get install nginx -y; sudo apt-get install openssl; mkdir ssl-certs; cd ssl-certs; openssl genrsa -out example.key 2048; openssl rsa -in example.key -out example.key; openssl req -new -key example.key -out example.csr; openssl x509 -req -days 365 -in example.csr -signkey example.key -out example.crt -subj \"/C=US/ST=Georgia/L=Atlanta/O=None/OU=None/CN=example.com\"; ",
                        "min_cpu_platform": null,
                        "name": "terraform-instance",
                        "network_interface": [
                            {
                                "access_config": [
                                    {
                                        "public_ptr_domain_name": null
                                    }
                                ],
                                "alias_ip_range": []
                            }
                        ],
                        "scratch_disk": [],
                        "service_account": [],
                        "shielded_instance_config": [],
                        "tags": [
                            "http",
                            "ssh"
                        ],
                        "timeouts": null
                    }
                },
                {
                    "address": "google_compute_network.vpc_network",
                    "mode": "managed",
                    "type": "google_compute_network",
                    "name": "vpc_network",
                    "provider_name": "google",
                    "schema_version": 0,
                    "values": {
                        "auto_create_subnetworks": true,
                        "delete_default_routes_on_create": false,
                        "description": null,
                        "ipv4_range": null,
                        "name": "terraform-network",
                        "timeouts": null
                    }
                }
            ]
        }
    },
    "resource_changes": [
        {
            "address": "google_compute_firewall.nginx-app-firewall",
            "mode": "managed",
            "type": "google_compute_firewall",
            "name": "nginx-app-firewall",
            "provider_name": "google",
            "change": {
                "actions": [
                    "create"
                ],
                "before": null,
                "after": {
                    "allow": [
                        {
                            "ports": [
                                "80"
                            ],
                            "protocol": "tcp"
                        }
                    ],
                    "deny": [],
                    "description": null,
                    "disabled": null,
                    "name": "nginx-app-firewall",
                    "priority": 1000,
                    "source_service_accounts": null,
                    "source_tags": null,
                    "target_service_accounts": null,
                    "target_tags": [
                        "http"
                    ],
                    "timeouts": null
                },
                "after_unknown": {
                    "allow": [
                        {
                            "ports": [
                                false
                            ]
                        }
                    ],
                    "creation_timestamp": true,
                    "deny": [],
                    "destination_ranges": true,
                    "direction": true,
                    "id": true,
                    "network": true,
                    "project": true,
                    "self_link": true,
                    "source_ranges": true,
                    "target_tags": [
                        false
                    ]
                }
            }
        },
        {
            "address": "google_compute_firewall.terraform-default-ssh-firewall",
            "mode": "managed",
            "type": "google_compute_firewall",
            "name": "terraform-default-ssh-firewall",
            "provider_name": "google",
            "change": {
                "actions": [
                    "create"
                ],
                "before": null,
                "after": {
                    "allow": [
                        {
                            "ports": [
                                "22"
                            ],
                            "protocol": "tcp"
                        }
                    ],
                    "deny": [],
                    "description": null,
                    "disabled": null,
                    "name": "terraform-default-ssh-firewall",
                    "priority": 1000,
                    "source_service_accounts": null,
                    "source_tags": null,
                    "target_service_accounts": null,
                    "target_tags": [
                        "ssh"
                    ],
                    "timeouts": null
                },
                "after_unknown": {
                    "allow": [
                        {
                            "ports": [
                                false
                            ]
                        }
                    ],
                    "creation_timestamp": true,
                    "deny": [],
                    "destination_ranges": true,
                    "direction": true,
                    "id": true,
                    "network": true,
                    "project": true,
                    "self_link": true,
                    "source_ranges": true,
                    "target_tags": [
                        false
                    ]
                }
            }
        },
        {
            "address": "google_compute_instance.vm_instance",
            "mode": "managed",
            "type": "google_compute_instance",
            "name": "vm_instance",
            "provider_name": "google",
            "change": {
                "actions": [
                    "create"
                ],
                "before": null,
                "after": {
                    "allow_stopping_for_update": null,
                    "attached_disk": [],
                    "boot_disk": [
                        {
                            "auto_delete": true,
                            "disk_encryption_key_raw": null,
                            "initialize_params": [
                                {
                                    "image": "debian-cloud/debian-9"
                                }
                            ],
                            "kms_key_self_link": null
                        }
                    ],
                    "can_ip_forward": false,
                    "deletion_protection": false,
                    "description": null,
                    "disk": [],
                    "hostname": null,
                    "labels": null,
                    "machine_type": "f1-micro",
                    "metadata": null,
                    "metadata_startup_script": "sudo apt-get update; sudo apt-get install nginx -y; sudo apt-get install openssl; mkdir ssl-certs; cd ssl-certs; openssl genrsa -out example.key 2048; openssl rsa -in example.key -out example.key; openssl req -new -key example.key -out example.csr; openssl x509 -req -days 365 -in example.csr -signkey example.key -out example.crt -subj \"/C=US/ST=Georgia/L=Atlanta/O=None/OU=None/CN=example.com\"; ",
                    "min_cpu_platform": null,
                    "name": "terraform-instance",
                    "network_interface": [
                        {
                            "access_config": [
                                {
                                    "public_ptr_domain_name": null
                                }
                            ],
                            "alias_ip_range": []
                        }
                    ],
                    "scratch_disk": [],
                    "service_account": [],
                    "shielded_instance_config": [],
                    "tags": [
                        "http",
                        "ssh"
                    ],
                    "timeouts": null
                },
                "after_unknown": {
                    "attached_disk": [],
                    "boot_disk": [
                        {
                            "device_name": true,
                            "disk_encryption_key_sha256": true,
                            "initialize_params": [
                                {
                                    "size": true,
                                    "type": true
                                }
                            ],
                            "source": true
                        }
                    ],
                    "cpu_platform": true,
                    "disk": [],
                    "guest_accelerator": true,
                    "id": true,
                    "instance_id": true,
                    "label_fingerprint": true,
                    "metadata_fingerprint": true,
                    "network_interface": [
                        {
                            "access_config": [
                                {
                                    "assigned_nat_ip": true,
                                    "nat_ip": true,
                                    "network_tier": true
                                }
                            ],
                            "address": true,
                            "alias_ip_range": [],
                            "name": true,
                            "network": true,
                            "network_ip": true,
                            "subnetwork": true,
                            "subnetwork_project": true
                        }
                    ],
                    "project": true,
                    "scheduling": true,
                    "scratch_disk": [],
                    "self_link": true,
                    "service_account": [],
                    "shielded_instance_config": [],
                    "tags": [
                        false,
                        false
                    ],
                    "tags_fingerprint": true,
                    "zone": true
                }
            }
        },
        {
            "address": "google_compute_network.vpc_network",
            "mode": "managed",
            "type": "google_compute_network",
            "name": "vpc_network",
            "provider_name": "google",
            "change": {
                "actions": [
                    "create"
                ],
                "before": null,
                "after": {
                    "auto_create_subnetworks": true,
                    "delete_default_routes_on_create": false,
                    "description": null,
                    "ipv4_range": null,
                    "name": "terraform-network",
                    "timeouts": null
                },
                "after_unknown": {
                    "gateway_ipv4": true,
                    "id": true,
                    "project": true,
                    "routing_mode": true,
                    "self_link": true
                }
            }
        }
    ],
    "configuration": {
        "provider_config": {
            "google": {
                "name": "google",
                "expressions": {
                    "project": {
                        "constant_value": "terraform-testing-1"
                    },
                    "region": {
                        "constant_value": "us-central1"
                    },
                    "zone": {
                        "constant_value": "us-central1-c"
                    }
                }
            }
        },
        "root_module": {
            "resources": [
                {
                    "address": "google_compute_firewall.nginx-app-firewall",
                    "mode": "managed",
                    "type": "google_compute_firewall",
                    "name": "nginx-app-firewall",
                    "provider_config_key": "google",
                    "expressions": {
                        "allow": [
                            {
                                "ports": {
                                    "constant_value": [
                                        "80"
                                    ]
                                },
                                "protocol": {
                                    "constant_value": "tcp"
                                }
                            }
                        ],
                        "name": {
                            "constant_value": "nginx-app-firewall"
                        },
                        "network": {
                            "references": [
                                "google_compute_network.vpc_network"
                            ]
                        },
                        "target_tags": {
                            "constant_value": [
                                "http"
                            ]
                        }
                    },
                    "schema_version": 1
                },
                {
                    "address": "google_compute_firewall.terraform-default-ssh-firewall",
                    "mode": "managed",
                    "type": "google_compute_firewall",
                    "name": "terraform-default-ssh-firewall",
                    "provider_config_key": "google",
                    "expressions": {
                        "allow": [
                            {
                                "ports": {
                                    "constant_value": [
                                        "22"
                                    ]
                                },
                                "protocol": {
                                    "constant_value": "tcp"
                                }
                            }
                        ],
                        "name": {
                            "constant_value": "terraform-default-ssh-firewall"
                        },
                        "network": {
                            "references": [
                                "google_compute_network.vpc_network"
                            ]
                        },
                        "target_tags": {
                            "constant_value": [
                                "ssh"
                            ]
                        }
                    },
                    "schema_version": 1
                },
                {
                    "address": "google_compute_instance.vm_instance",
                    "mode": "managed",
                    "type": "google_compute_instance",
                    "name": "vm_instance",
                    "provider_config_key": "google",
                    "expressions": {
                        "boot_disk": [
                            {
                                "initialize_params": [
                                    {
                                        "image": {
                                            "constant_value": "debian-cloud/debian-9"
                                        }
                                    }
                                ]
                            }
                        ],
                        "machine_type": {
                            "constant_value": "f1-micro"
                        },
                        "metadata_startup_script": {
                            "constant_value": "sudo apt-get update; sudo apt-get install nginx -y; sudo apt-get install openssl; mkdir ssl-certs; cd ssl-certs; openssl genrsa -out example.key 2048; openssl rsa -in example.key -out example.key; openssl req -new -key example.key -out example.csr; openssl x509 -req -days 365 -in example.csr -signkey example.key -out example.crt -subj \"/C=US/ST=Georgia/L=Atlanta/O=None/OU=None/CN=example.com\"; "
                        },
                        "name": {
                            "constant_value": "terraform-instance"
                        },
                        "network_interface": [
                            {
                                "access_config": [
                                    {}
                                ],
                                "network": {
                                    "references": [
                                        "google_compute_network.vpc_network"
                                    ]
                                }
                            }
                        ],
                        "tags": {
                            "constant_value": [
                                "ssh",
                                "http"
                            ]
                        }
                    },
                    "schema_version": 6
                },
                {
                    "address": "google_compute_network.vpc_network",
                    "mode": "managed",
                    "type": "google_compute_network",
                    "name": "vpc_network",
                    "provider_config_key": "google",
                    "expressions": {
                        "auto_create_subnetworks": {
                            "constant_value": "true"
                        },
                        "name": {
                            "constant_value": "terraform-network"
                        }
                    },
                    "schema_version": 0
                }
            ]
        }
    }
}